# This file is generated by running "yarn install" inside your project.
# Manual changes might be lost - proceed with caution!

__metadata:
  version: 8
  cacheKey: 10c0

"@biomejs/biome@npm:^1.9.4":
  version: 1.9.4
  resolution: "@biomejs/biome@npm:1.9.4"
  dependencies:
    "@biomejs/cli-darwin-arm64": "npm:1.9.4"
    "@biomejs/cli-darwin-x64": "npm:1.9.4"
    "@biomejs/cli-linux-arm64": "npm:1.9.4"
    "@biomejs/cli-linux-arm64-musl": "npm:1.9.4"
    "@biomejs/cli-linux-x64": "npm:1.9.4"
    "@biomejs/cli-linux-x64-musl": "npm:1.9.4"
    "@biomejs/cli-win32-arm64": "npm:1.9.4"
    "@biomejs/cli-win32-x64": "npm:1.9.4"
  dependenciesMeta:
    "@biomejs/cli-darwin-arm64":
      optional: true
    "@biomejs/cli-darwin-x64":
      optional: true
    "@biomejs/cli-linux-arm64":
      optional: true
    "@biomejs/cli-linux-arm64-musl":
      optional: true
    "@biomejs/cli-linux-x64":
      optional: true
    "@biomejs/cli-linux-x64-musl":
      optional: true
    "@biomejs/cli-win32-arm64":
      optional: true
    "@biomejs/cli-win32-x64":
      optional: true
  bin:
    biome: bin/biome
  checksum: 10c0/b5655c5aed9a6fffe24f7d04f15ba4444389d0e891c9ed9106fab7388ac9b4be63185852cc2a937b22940dac3e550b71032a4afd306925cfea436c33e5646b3e
  languageName: node
  linkType: hard

"@biomejs/cli-darwin-arm64@npm:1.9.4":
  version: 1.9.4
  resolution: "@biomejs/cli-darwin-arm64@npm:1.9.4"
  conditions: os=darwin & cpu=arm64
  languageName: node
  linkType: hard

"@biomejs/cli-darwin-x64@npm:1.9.4":
  version: 1.9.4
  resolution: "@biomejs/cli-darwin-x64@npm:1.9.4"
  conditions: os=darwin & cpu=x64
  languageName: node
  linkType: hard

"@biomejs/cli-linux-arm64-musl@npm:1.9.4":
  version: 1.9.4
  resolution: "@biomejs/cli-linux-arm64-musl@npm:1.9.4"
  conditions: os=linux & cpu=arm64 & libc=musl
  languageName: node
  linkType: hard

"@biomejs/cli-linux-arm64@npm:1.9.4":
  version: 1.9.4
  resolution: "@biomejs/cli-linux-arm64@npm:1.9.4"
  conditions: os=linux & cpu=arm64 & libc=glibc
  languageName: node
  linkType: hard

"@biomejs/cli-linux-x64-musl@npm:1.9.4":
  version: 1.9.4
  resolution: "@biomejs/cli-linux-x64-musl@npm:1.9.4"
  conditions: os=linux & cpu=x64 & libc=musl
  languageName: node
  linkType: hard

"@biomejs/cli-linux-x64@npm:1.9.4":
  version: 1.9.4
  resolution: "@biomejs/cli-linux-x64@npm:1.9.4"
  conditions: os=linux & cpu=x64 & libc=glibc
  languageName: node
  linkType: hard

"@biomejs/cli-win32-arm64@npm:1.9.4":
  version: 1.9.4
  resolution: "@biomejs/cli-win32-arm64@npm:1.9.4"
  conditions: os=win32 & cpu=arm64
  languageName: node
  linkType: hard

"@biomejs/cli-win32-x64@npm:1.9.4":
  version: 1.9.4
  resolution: "@biomejs/cli-win32-x64@npm:1.9.4"
  conditions: os=win32 & cpu=x64
  languageName: node
  linkType: hard

"@types/react-dom@npm:^19.1.5":
  version: 19.1.5
  resolution: "@types/react-dom@npm:19.1.5"
  peerDependencies:
    "@types/react": ^19.0.0
  checksum: 10c0/2a29e77cf6bb6e9f57bcfa54509c216cad2e16e244f0bd56369966ec88c072b9c91f6011d14f9e18fbfe2b801b18b86f616de75e5c8aef0be73c1f74abb33b49
  languageName: node
  linkType: hard

"@types/react@npm:^19.1.6":
  version: 19.1.6
  resolution: "@types/react@npm:19.1.6"
  dependencies:
    csstype: "npm:^3.0.2"
  checksum: 10c0/8b10b198e28997b3c57559750f8bcf5ae7b33c554b16b6f4fe2ece1d4de6a2fc8cb53e7effe08ec9cb939d2f479eb97c5e08aac2cf83b10a90164fe451cc8ea2
  languageName: node
  linkType: hard

"csstype@npm:^3.0.2":
  version: 3.1.3
  resolution: "csstype@npm:3.1.3"
  checksum: 10c0/80c089d6f7e0c5b2bd83cf0539ab41474198579584fa10d86d0cafe0642202343cbc119e076a0b1aece191989477081415d66c9fefbf3c957fc2fc4b7009f248
  languageName: node
  linkType: hard

"react-dom@npm:^19.1.0":
  version: 19.1.0
  resolution: "react-dom@npm:19.1.0"
  dependencies:
    scheduler: "npm:^0.26.0"
  peerDependencies:
    react: ^19.1.0
  checksum: 10c0/3e26e89bb6c67c9a6aa86cb888c7a7f8258f2e347a6d2a15299c17eb16e04c19194e3452bc3255bd34000a61e45e2cb51e46292392340432f133e5a5d2dfb5fc
  languageName: node
  linkType: hard

"react@npm:^19.1.0":
  version: 19.1.0
  resolution: "react@npm:19.1.0"
  checksum: 10c0/530fb9a62237d54137a13d2cfb67a7db6a2156faed43eecc423f4713d9b20c6f2728b026b45e28fcd72e8eadb9e9ed4b089e99f5e295d2f0ad3134251bdd3698
  languageName: node
  linkType: hard

"scheduler@npm:^0.26.0":
  version: 0.26.0
  resolution: "scheduler@npm:0.26.0"
  checksum: 10c0/5b8d5bfddaae3513410eda54f2268e98a376a429931921a81b5c3a2873aab7ca4d775a8caac5498f8cbc7d0daeab947cf923dbd8e215d61671f9f4e392d34356
  languageName: node
  linkType: hard

"website_new@workspace:.":
  version: 0.0.0-use.local
  resolution: "website_new@workspace:."
  dependencies:
    "@biomejs/biome": "npm:^1.9.4"
    "@types/react": "npm:^19.1.6"
    "@types/react-dom": "npm:^19.1.5"
    react: "npm:^19.1.0"
    react-dom: "npm:^19.1.0"
  languageName: unknown
  linkType: soft
